// !$*UTF8*$!
{
	archiveVersion = 1;
	classes = {
	};
	objectVersion = 50;
	objects = {

/* Begin PBXBuildFile section */
		6B92D7222403B361003CE828 /* AppDelegate.swift in Sources */ = {isa = PBXBuildFile; fileRef = 6B92D7212403B361003CE828 /* AppDelegate.swift */; };
		6B92D7242403B361003CE828 /* SceneDelegate.swift in Sources */ = {isa = PBXBuildFile; fileRef = 6B92D7232403B361003CE828 /* SceneDelegate.swift */; };
		6B92D7262403B361003CE828 /* ViewController.swift in Sources */ = {isa = PBXBuildFile; fileRef = 6B92D7252403B361003CE828 /* ViewController.swift */; };
		6B92D7292403B361003CE828 /* Main.storyboard in Resources */ = {isa = PBXBuildFile; fileRef = 6B92D7272403B361003CE828 /* Main.storyboard */; };
		6B92D72B2403B364003CE828 /* Assets.xcassets in Resources */ = {isa = PBXBuildFile; fileRef = 6B92D72A2403B364003CE828 /* Assets.xcassets */; };
		6B92D72E2403B364003CE828 /* LaunchScreen.storyboard in Resources */ = {isa = PBXBuildFile; fileRef = 6B92D72C2403B364003CE828 /* LaunchScreen.storyboard */; };
		6B92D7372403B49D003CE828 /* naeun.jpg in Resources */ = {isa = PBXBuildFile; fileRef = 6B92D7362403B49D003CE828 /* naeun.jpg */; };
/* End PBXBuildFile section */

/* Begin PBXFileReference section */
		6B92D71E2403B361003CE828 /* Move2.app */ = {isa = PBXFileReference; explicitFileType = wrapper.application; includeInIndex = 0; path = Move2.app; sourceTree = BUILT_PRODUCTS_DIR; };
		6B92D7212403B361003CE828 /* AppDelegate.swift */ = {isa = PBXFileReference; lastKnownFileType = sourcecode.swift; path = AppDelegate.swift; sourceTree = "<group>"; };
		6B92D7232403B361003CE828 /* SceneDelegate.swift */ = {isa = PBXFileReference; lastKnownFileType = sourcecode.swift; path = SceneDelegate.swift; sourceTree = "<group>"; };
		6B92D7252403B361003CE828 /* ViewController.swift */ = {isa = PBXFileReference; lastKnownFileType = sourcecode.swift; path = ViewController.swift; sourceTree = "<group>"; };
		6B92D7282403B361003CE828 /* Base */ = {isa = PBXFileReference; lastKnownFileType = file.storyboard; name = Base; path = Base.lproj/Main.storyboard; sourceTree = "<group>"; };
		6B92D72A2403B364003CE828 /* Assets.xcassets */ = {isa = PBXFileReference; lastKnownFileType = folder.assetcatalog; path = Assets.xcassets; sourceTree = "<group>"; };
		6B92D72D2403B364003CE828 /* Base */ = {isa = PBXFileReference; lastKnownFileType = file.storyboard; name = Base; path = Base.lproj/LaunchScreen.storyboard; sourceTree = "<group>"; };
		6B92D72F2403B364003CE828 /* Info.plist */ = {isa = PBXFileReference; lastKnownFileType = text.plist.xml; path = Info.plist; sourceTree = "<group>"; };
		6B92D7362403B49D003CE828 /* naeun.jpg */ = {isa = PBXFileReference; lastKnownFileType = image.jpeg; path = naeun.jpg; sourceTree = "<group>"; };
/* End PBXFileReference section */

/* Begin PBXFrameworksBuildPhase section */
		6B92D71B2403B361003CE828 /* Frameworks */ = {
			isa = PBXFrameworksBuildPhase;
			buildActionMask = 2147483647;
			files = (
			);
			runOnlyForDeploymentPostprocessing = 0;
		};
/* End PBXFrameworksBuildPhase section */

/* Begin PBXGroup section */
		6B92D7152403B361003CE828 = {
			isa = PBXGroup;
			children = (
				6B92D7352403B48B003CE828 /* images */,
				6B92D7202403B361003CE828 /* Move2 */,
				6B92D71F2403B361003CE828 /* Products */,
			);
			sourceTree = "<group>";
		};
		6B92D71F2403B361003CE828 /* Products */ = {
			isa = PBXGroup;
			children = (
				6B92D71E2403B361003CE828 /* Move2.app */,
			);
			name = Products;
			sourceTree = "<group>";
		};
		6B92D7202403B361003CE828 /* Move2 */ = {
			isa = PBXGroup;
			children = (
				6B92D7212403B361003CE828 /* AppDelegate.swift */,
				6B92D7232403B361003CE828 /* SceneDelegate.swift */,
				6B92D7252403B361003CE828 /* ViewController.swift */,
				6B92D7272403B361003CE828 /* Main.storyboard */,
				6B92D72A2403B364003CE828 /* Assets.xcassets */,
				6B92D72C2403B364003CE828 /* LaunchScreen.storyboard */,
				6B92D72F2403B364003CE828 /* Info.plist */,
			);
			path = Move2;
			sourceTree = "<group>";
		};
		6B92D7352403B48B003CE828 /* images */ = {
			isa = PBXGroup;
			children = (
				6B92D7362403B49D003CE828 /* naeun.jpg */,
			);
			path = images;
			sourceTree = "<group>";
		};
/* End PBXGroup section */

/* Begin PBXNativeTarget section */
		6B92D71D2403B361003CE828 /* Move2 */ = {
			isa = PBXNativeTarget;
			buildConfigurationList = 6B92D7322403B364003CE828 /* Build configuration list for PBXNativeTarget "Move2" */;
			buildPhases = (
				6B92D71A2403B361003CE828 /* Sources */,
				6B92D71B2403B361003CE828 /* Frameworks */,
				6B92D71C2403B361003CE828 /* Resources */,
			);
			buildRules = (
			);
			dependencies = (
			);
			name = Move2;
			productName = Move2;
			productReference = 6B92D71E2403B361003CE828 /* Move2.app */;
			productType = "com.apple.product-type.application";
		};
/* End PBXNativeTarget section */

/* Begin PBXProject section */
		6B92D7162403B361003CE828 /* Project object */ = {
			isa = PBXProject;
			attributes = {
				LastSwiftUpdateCheck = 1100;
				LastUpgradeCheck = 1100;
				ORGANIZATIONNAME = ssang;
				TargetAttributes = {
					6B92D71D2403B361003CE828 = {
						CreatedOnToolsVersion = 11.0;
					};
				};
			};
			buildConfigurationList = 6B92D7192403B361003CE828 /* Build configuration list for PBXProject "Move2" */;
			compatibilityVersion = "Xcode 9.3";
			developmentRegion = en;
			hasScannedForEncodings = 0;
			knownRegions = (
				en,
				Base,
			);
			mainGroup = 6B92D7152403B361003CE828;
			productRefGroup = 6B92D71F2403B361003CE828 /* Products */;
			projectDirPath = "";
			projectRoot = "";
			targets = (
				6B92D71D2403B361003CE828 /* Move2 */,
			);
		};
/* End PBXProject section */

/* Begin PBXResourcesBuildPhase section */
		6B92D71C2403B361003CE828 /* Resources */ = {
			isa = PBXResourcesBuildPhase;
			buildActionMask = 2147483647;
			files = (
				6B92D72E2403B364003CE828 /* LaunchScreen.storyboard in Resources */,
				6B92D72B2403B364003CE828 /* Assets.xcassets in Resources */,
				6B92D7292403B361003CE828 /* Main.storyboard in Resources */,
				6B92D7372403B49D003CE828 /* naeun.jpg in Resources */,
			);
			runOnlyForDeploymentPostprocessing = 0;
		};
/* End PBXResourcesBuildPhase section */

/* Begin PBXSourcesBuildPhase section */
		6B92D71A2403B361003CE828 /* Sources */ = {
			isa = PBXSourcesBuildPhase;
			buildActionMask = 2147483647;
			files = (
				6B92D7262403B361003CE828 /* ViewController.swift in Sources */,
				6B92D7222403B361003CE828 /* AppDelegate.swift in Sources */,
				6B92D7242403B361003CE828 /* SceneDelegate.swift in Sources */,
			);
			runOnlyForDeploymentPostprocessing = 0;
		};
/* End PBXSourcesBuildPhase section */

/* Begin PBXVariantGroup section */
		6B92D7272403B361003CE828 /* Main.storyboard */ = {
			isa = PBXVariantGroup;
			children = (
				6B92D7282403B361003CE828 /* Base */,
			);
			name = Main.storyboard;
			sourceTree = "<group>";
		};
		6B92D72C2403B364003CE828 /* LaunchScreen.storyboard */ = {
			isa = PBXVariantGroup;
			children = (
				6B92D72D2403B364003CE828 /* Base */,
			);
			name = LaunchScreen.storyboard;
			sourceTree = "<group>";
		};
/* End PBXVariantGroup section */

/* Begin XCBuildConfiguration section */
		6B92D7302403B364003CE828 /* Debug */ = {
			isa = XCBuildConfiguration;
			buildSettings = {
				ALWAYS_SEARCH_USER_PATHS = NO;
				CLANG_ANALYZER_NONNULL = YES;
				CLANG_ANALYZER_NUMBER_OBJECT_CONVERSION = YES_AGGRESSIVE;
				CLANG_CXX_LANGUAGE_STANDARD = "gnu++14";
				CLANG_CXX_LIBRARY = "libc++";
				CLANG_ENABLE_MODULES = YES;
				CLANG_ENABLE_OBJC_ARC = YES;
				CLANG_ENABLE_OBJC_WEAK = YES;
				CLANG_WARN_BLOCK_CAPTURE_AUTORELEASING = YES;
				CLANG_WARN_BOOL_CONVERSION = YES;
				CLANG_WARN_COMMA = YES;
				CLANG_WARN_CONSTANT_CONVERSION = YES;
				CLANG_WARN_DEPRECATED_OBJC_IMPLEMENTATIONS = YES;
				CLANG_WARN_DIRECT_OBJC_ISA_USAGE = YES_ERROR;
				CLANG_WARN_DOCUMENTATION_COMMENTS = YES;
				CLANG_WARN_EMPTY_BODY = YES;
				CLANG_WARN_ENUM_CONVERSION = YES;
				CLANG_WARN_INFINITE_RECURSION = YES;
				CLANG_WARN_INT_CONVERSION = YES;
				CLANG_WARN_NON_LITERAL_NULL_CONVERSION = YES;
				CLANG_WARN_OBJC_IMPLICIT_RETAIN_SELF = YES;
				CLANG_WARN_OBJC_LITERAL_CONVERSION = YES;
				CLANG_WARN_OBJC_ROOT_CLASS = YES_ERROR;
				CLANG_WARN_RANGE_LOOP_ANALYSIS = YES;
				CLANG_WARN_STRICT_PROTOTYPES = YES;
				CLANG_WARN_SUSPICIOUS_MOVE = YES;
				CLANG_WARN_UNGUARDED_AVAILABILITY = YES_AGGRESSIVE;
				CLANG_WARN_UNREACHABLE_CODE = YES;
				CLANG_WARN__DUPLICATE_METHOD_MATCH = YES;
				COPY_PHASE_STRIP = NO;
				DEBUG_INFORMATION_FORMAT = dwarf;
				ENABLE_STRICT_OBJC_MSGSEND = YES;
				ENABLE_TESTABILITY = YES;
				GCC_C_LANGUAGE_STANDARD = gnu11;
				GCC_DYNAMIC_NO_PIC = NO;
				GCC_NO_COMMON_BLOCKS = YES;
				GCC_OPTIMIZATION_LEVEL = 0;
				GCC_PREPROCESSOR_DEFINITIONS = (
					"DEBUG=1",
					"$(inherited)",
				);
				GCC_WARN_64_TO_32_BIT_CONVERSION = YES;
				GCC_WARN_ABOUT_RETURN_TYPE = YES_ERROR;
				GCC_WARN_UNDECLARED_SELECTOR = YES;
				GCC_WARN_UNINITIALIZED_AUTOS = YES_AGGRESSIVE;
				GCC_WARN_UNUSED_FUNCTION = YES;
				GCC_WARN_UNUSED_VARIABLE = YES;
				IPHONEOS_DEPLOYMENT_TARGET = 13.0;
				MTL_ENABLE_DEBUG_INFO = INCLUDE_SOURCE;
				MTL_FAST_MATH = YES;
				ONLY_ACTIVE_ARCH = YES;
				SDKROOT = iphoneos;
				SWIFT_ACTIVE_COMPILATION_CONDITIONS = DEBUG;
				SWIFT_OPTIMIZATION_LEVEL = "-Onone";
			};
			name = Debug;
		};
		6B92D7312403B364003CE828 /* Release */ = {
			isa = XCBuildConfiguration;
			buildSettings = {
				ALWAYS_SEARCH_USER_PATHS = NO;
				CLANG_ANALYZER_NONNULL = YES;
				CLANG_ANALYZER_NUMBER_OBJECT_CONVERSION = YES_AGGRESSIVE;
				CLANG_CXX_LANGUAGE_STANDARD = "gnu++14";
				CLANG_CXX_LIBRARY = "libc++";
				CLANG_ENABLE_MODULES = YES;
				CLANG_ENABLE_OBJC_ARC = YES;
				CLANG_ENABLE_OBJC_WEAK = YES;
				CLANG_WARN_BLOCK_CAPTURE_AUTORELEASING = YES;
				CLANG_WARN_BOOL_CONVERSION = YES;
				CLANG_WARN_COMMA = YES;
				CLANG_WARN_CONSTANT_CONVERSION = YES;
				CLANG_WARN_DEPRECATED_OBJC_IMPLEMENTATIONS = YES;
				CLANG_WARN_DIRECT_OBJC_ISA_USAGE = YES_ERROR;
				CLANG_WARN_DOCUMENTATION_COMMENTS = YES;
				CLANG_WARN_EMPTY_BODY = YES;
				CLANG_WARN_ENUM_CONVERSION = YES;
				CLANG_WARN_INFINITE_RECURSION = YES;
				CLANG_WARN_INT_CONVERSION = YES;
				CLANG_WARN_NON_LITERAL_NULL_CONVERSION = YES;
				CLANG_WARN_OBJC_IMPLICIT_RETAIN_SELF = YES;
				CLANG_WARN_OBJC_LITERAL_CONVERSION = YES;
				CLANG_WARN_OBJC_ROOT_CLASS = YES_ERROR;
				CLANG_WARN_RANGE_LOOP_ANALYSIS = YES;
				CLANG_WARN_STRICT_PROTOTYPES = YES;
				CLANG_WARN_SUSPICIOUS_MOVE = YES;
				CLANG_WARN_UNGUARDED_AVAILABILITY = YES_AGGRESSIVE;
				CLANG_WARN_UNREACHABLE_CODE = YES;
				CLANG_WARN__DUPLICATE_METHOD_MATCH = YES;
				COPY_PHASE_STRIP = NO;
				DEBUG_INFORMATION_FORMAT = "dwarf-with-dsym";
				ENABLE_NS_ASSERTIONS = NO;
				ENABLE_STRICT_OBJC_MSGSEND = YES;
				GCC_C_LANGUAGE_STANDARD = gnu11;
				GCC_NO_COMMON_BLOCKS = YES;
				GCC_WARN_64_TO_32_BIT_CONVERSION = YES;
				GCC_WARN_ABOUT_RETURN_TYPE = YES_ERROR;
				GCC_WARN_UNDECLARED_SELECTOR = YES;
				GCC_WARN_UNINITIALIZED_AUTOS = YES_AGGRESSIVE;
				GCC_WARN_UNUSED_FUNCTION = YES;
				GCC_WARN_UNUSED_VARIABLE = YES;
				IPHONEOS_DEPLOYMENT_TARGET = 13.0;
				MTL_ENABLE_DEBUG_INFO = NO;
				MTL_FAST_MATH = YES;
				SDKROOT = iphoneos;
				SWIFT_COMPILATION_MODE = wholemodule;
				SWIFT_OPTIMIZATION_LEVEL = "-O";
				VALIDATE_PRODUCT = YES;
			};
			name = Release;
		};
		6B92D7332403B364003CE828 /* Debug */ = {
			isa = XCBuildConfiguration;
			buildSettings = {
				ASSETCATALOG_COMPILER_APPICON_NAME = AppIcon;
				CODE_SIGN_STYLE = Automatic;
				INFOPLIST_FILE = Move2/Info.plist;
				LD_RUNPATH_SEARCH_PATHS = (
					"$(inherited)",
					"@executable_path/Frameworks",
				);
				PRODUCT_BUNDLE_IDENTIFIER = com.sh.Move2;
				PRODUCT_NAME = "$(TARGET_NAME)";
				SWIFT_VERSION = 5.0;
				TARGETED_DEVICE_FAMILY = "1,2";
			};
			name = Debug;
		};
		6B92D7342403B364003CE828 /* Release */ = {
			isa = XCBuildConfiguration;
			buildSettings = {
				ASSETCATALOG_COMPILER_APPICON_NAME = AppIcon;
				CODE_SIGN_STYLE = Automatic;
				INFOPLIST_FILE = Move2/Info.plist;
				LD_RUNPATH_SEARCH_PATHS = (
					"$(inherited)",
					"@executable_path/Frameworks",
				);
				PRODUCT_BUNDLE_IDENTIFIER = com.sh.Move2;
				PRODUCT_NAME = "$(TARGET_NAME)";
				SWIFT_VERSION = 5.0;
				TARGETED_DEVICE_FAMILY = "1,2";
			};
			name = Release;
		};
/* End XCBuildConfiguration section */

/* Begin XCConfigurationList section */
		6B92D7192403B361003CE828 /* Build configuration list for PBXProject "Move2" */ = {
			isa = XCConfigurationList;
			buildConfigurations = (
				6B92D7302403B364003CE828 /* Debug */,
				6B92D7312403B364003CE828 /* Release */,
			);
			defaultConfigurationIsVisible = 0;
			defaultConfigurationName = Release;
		};
		6B92D7322403B364003CE828 /* Build configuration list for PBXNativeTarget "Move2" */ = {
			isa = XCConfigurationList;
			buildConfigurations = (
				6B92D7332403B364003CE828 /* Debug */,
				6B92D7342403B364003CE828 /* Release */,
			);
			defaultConfigurationIsVisible = 0;
			defaultConfigurationName = Release;
		};
/* End XCConfigurationList section */
	};
	rootObject = 6B92D7162403B361003CE828 /* Project object */;
}
